{
  "name": "image-demo",
  "version": "1.0.1",
  "lockfileVersion": 1,
  "requires": true,
  "dependencies": {
    "@yelloxing/core.js": {
      "version": "0.3.7",
      "resolved": "https://registry.npmjs.org/@yelloxing/core.js/-/core.js-0.3.7.tgz",
      "integrity": "sha512-E7cVTFSfCqGsxGT1XUne8hjNeHFYPVwfjTsfHrtdPAnJD6zdRPfozaeJ5JT/42YwUR2ei2iy4BDNIBLpaT2AJw=="
    },
    "cuf": {
      "version": "1.1.5",
      "resolved": "https://registry.npmjs.org/cuf/-/cuf-1.1.5.tgz",
      "integrity": "sha512-a2JRJ3D93OlHtVrn0d8V/c6hZxBBvwKUzoR/HxCyKv5OezhOqPwOW/QB0EvhPtQroPdS7q69FAUTUG1YBkHa4Q==",
      "dev": true,
      "requires": {
        "@yelloxing/core.js": "^0.3.7"
      }
    },
    "image2d": {
      "version": "1.5.2",
      "resolved": "https://registry.npmjs.org/image2d/-/image2d-1.5.2.tgz",
      "integrity": "sha512-gjohHMeRB2g1uB8NrFYDCi93XegQuIS/bjfw1GSYOhxhPI7BdKxKJXMlaOA5qwx+A/7bs0vF1H/WAVImK124yw==",
      "requires": {
        "@yelloxing/core.js": "^0.3.7"
      }
    },
    "image3d": {
      "version": "2.0.6",
      "resolved": "https://registry.npmjs.org/image3d/-/image3d-2.0.6.tgz",
      "integrity": "sha512-/h5FP5pgT1SCQGvu0l0t1XglBVSW4CrdpWBQuQpi7Kc06p7Vxo2CPaGw/X0PA1gtPt6D207z85PApqHLDRKHbA==",
      "requires": {
        "@yelloxing/core.js": "^0.3.7"
      }
    }
  }
}
